{
  "version": 4,
  "terraform_version": "1.3.6",
  "serial": 48,
  "lineage": "5f8ecbc2-1b93-4907-8ede-c5b88f9ce5c9",
  "outputs": {},
  "resources": [
    {
      "mode": "managed",
      "type": "azurerm_linux_virtual_machine",
      "name": "pathology-vm1",
      "provider": "provider[\"registry.terraform.io/hashicorp/azurerm\"]",
      "instances": [
        {
          "schema_version": 0,
          "attributes": {
            "additional_capabilities": [],
            "admin_password": null,
            "admin_ssh_key": [
              {
                "public_key": "ssh-rsa AAAAB3NzaC1yc2EAAAADAQABAAABgQDipfX/FYeDikVkpvguW6yjGsw8s3/2zE69Ar4L312Cs73RYRBBT5/KfdaBZwSv4j0KYm3EN8fYCYuPgJ+kOXGdgT5gHhqUqMM9CTAjZJheBBRbNyKrq1L4vpN1ZVaOC089na6DNnpx8fGhxtPQ0TtkxdnAKUyoebzdtqw6B39a0lK6Yx7U8D2GYMfTOm/+sK3TzJxO4FjZW+fdpIIGYc511g4wt+ishC5n+obkehIop2Q0H3pq5U9uoJE9Wg5C03/l05JqfAk9rMkAma7TTGrHy82VaigLskqsq0Bab7GNtwgFj/V28sqNthCUf0SbZ+UyDkPwUi0p7ASZKBG0x5KCvE12kD7/pbsE47RdsElfikMRq9RmNAsF4RZynlSbe5mv3s8SttbRCxIcz0+ikcRznzO1lANIwccFQiihoTrDNeATa/K0xdtvEuXHPh0K5J+27zL1jHRtopCdJKFQWAos+HSKsnXm3dQjHAN7907NaIc/gsZaQ1M/aGXIxpF4RHM= iambi@DESKTOP-E9NTC73\r\n",
                "username": "adminuser"
              }
            ],
            "admin_username": "adminuser",
            "allow_extension_operations": true,
            "availability_set_id": "",
            "boot_diagnostics": [],
            "computer_name": "pathology-vm1",
            "custom_data": null,
            "dedicated_host_group_id": "",
            "dedicated_host_id": "",
            "disable_password_authentication": true,
            "edge_zone": "",
            "encryption_at_host_enabled": false,
            "eviction_policy": "",
            "extensions_time_budget": "PT1H30M",
            "id": "/subscriptions/a60e14d3-9415-4783-ae22-98d895dd008c/resourceGroups/pathology/providers/Microsoft.Compute/virtualMachines/pathology-vm1",
            "identity": [],
            "license_type": "",
            "location": "eastus",
            "max_bid_price": -1,
            "name": "pathology-vm1",
            "network_interface_ids": [
              "/subscriptions/a60e14d3-9415-4783-ae22-98d895dd008c/resourceGroups/pathology/providers/Microsoft.Network/networkInterfaces/pathlogy-ni1"
            ],
            "os_disk": [
              {
                "caching": "ReadWrite",
                "diff_disk_settings": [],
                "disk_encryption_set_id": "",
                "disk_size_gb": 30,
                "name": "pathology-vm1_OsDisk_1_30d1c9c49e1149fe83a61eeb713de15e",
                "storage_account_type": "Standard_LRS",
                "write_accelerator_enabled": false
              }
            ],
            "patch_mode": "ImageDefault",
            "plan": [],
            "platform_fault_domain": -1,
            "priority": "Regular",
            "private_ip_address": "10.0.1.4",
            "private_ip_addresses": [
              "10.0.1.4"
            ],
            "provision_vm_agent": true,
            "proximity_placement_group_id": "",
            "public_ip_address": "20.168.199.17",
            "public_ip_addresses": [
              "20.168.199.17"
            ],
            "resource_group_name": "pathology",
            "secret": [],
            "secure_boot_enabled": false,
            "size": "Standard_F2",
            "source_image_id": "",
            "source_image_reference": [
              {
                "offer": "UbuntuServer",
                "publisher": "Canonical",
                "sku": "16.04-LTS",
                "version": "latest"
              }
            ],
            "tags": null,
            "termination_notification": null,
            "timeouts": null,
            "user_data": "",
            "virtual_machine_id": "4a73a399-0daa-4df1-af98-e0537357330b",
            "virtual_machine_scale_set_id": "",
            "vtpm_enabled": false,
            "zone": ""
          },
          "sensitive_attributes": [],
          "private": "eyJlMmJmYjczMC1lY2FhLTExZTYtOGY4OC0zNDM2M2JjN2M0YzAiOnsiY3JlYXRlIjoyNzAwMDAwMDAwMDAwLCJkZWxldGUiOjI3MDAwMDAwMDAwMDAsInJlYWQiOjMwMDAwMDAwMDAwMCwidXBkYXRlIjoyNzAwMDAwMDAwMDAwfX0=",
          "dependencies": [
            "azurerm_network_interface.pathlogy-ni1",
            "azurerm_resource_group.pathology"
          ]
        }
      ]
    },
    {
      "mode": "managed",
      "type": "azurerm_network_interface",
      "name": "pathlogy-ni1",
      "provider": "provider[\"registry.terraform.io/hashicorp/azurerm\"]",
      "instances": [
        {
          "schema_version": 0,
          "attributes": {
            "applied_dns_servers": [],
            "dns_servers": [],
            "edge_zone": "",
            "enable_accelerated_networking": false,
            "enable_ip_forwarding": false,
            "id": "/subscriptions/a60e14d3-9415-4783-ae22-98d895dd008c/resourceGroups/pathology/providers/Microsoft.Network/networkInterfaces/pathlogy-ni1",
            "internal_dns_name_label": "",
            "internal_domain_name_suffix": "e1m3f1hnruwexbqjfipw1kvwnb.bx.internal.cloudapp.net",
            "ip_configuration": [
              {
                "gateway_load_balancer_frontend_ip_configuration_id": "",
                "name": "internal",
                "primary": true,
                "private_ip_address": "10.0.1.4",
                "private_ip_address_allocation": "Dynamic",
                "private_ip_address_version": "IPv4",
                "public_ip_address_id": "/subscriptions/a60e14d3-9415-4783-ae22-98d895dd008c/resourceGroups/pathology/providers/Microsoft.Network/publicIPAddresses/pathlogy-ip",
                "subnet_id": "/subscriptions/a60e14d3-9415-4783-ae22-98d895dd008c/resourceGroups/pathology/providers/Microsoft.Network/virtualNetworks/pathlogy-vn/subnets/pathlogy-subnet1"
              }
            ],
            "location": "eastus",
            "mac_address": "",
            "name": "pathlogy-ni1",
            "private_ip_address": "10.0.1.4",
            "private_ip_addresses": [
              "10.0.1.4"
            ],
            "resource_group_name": "pathology",
            "tags": {},
            "timeouts": null,
            "virtual_machine_id": ""
          },
          "sensitive_attributes": [],
          "private": "eyJlMmJmYjczMC1lY2FhLTExZTYtOGY4OC0zNDM2M2JjN2M0YzAiOnsiY3JlYXRlIjoxODAwMDAwMDAwMDAwLCJkZWxldGUiOjE4MDAwMDAwMDAwMDAsInJlYWQiOjMwMDAwMDAwMDAwMCwidXBkYXRlIjoxODAwMDAwMDAwMDAwfX0=",
          "dependencies": [
            "azurerm_public_ip.pathlogy-ip",
            "azurerm_resource_group.pathology",
            "azurerm_subnet.pathlogy-subnet1",
            "azurerm_virtual_network.pathlogy-vn"
          ]
        }
      ]
    },
    {
      "mode": "managed",
      "type": "azurerm_network_security_group",
      "name": "pathlogy-nsg1",
      "provider": "provider[\"registry.terraform.io/hashicorp/azurerm\"]",
      "instances": [
        {
          "schema_version": 0,
          "attributes": {
            "id": "/subscriptions/a60e14d3-9415-4783-ae22-98d895dd008c/resourceGroups/pathology/providers/Microsoft.Network/networkSecurityGroups/pathlogy-nsg1",
            "location": "eastus",
            "name": "pathlogy-nsg1",
            "resource_group_name": "pathology",
            "security_rule": [
              {
                "access": "Allow",
                "description": "",
                "destination_address_prefix": "*",
                "destination_address_prefixes": [],
                "destination_application_security_group_ids": [],
                "destination_port_range": "*",
                "destination_port_ranges": [],
                "direction": "Outbound",
                "name": "pathology-secrule1",
                "priority": 100,
                "protocol": "*",
                "source_address_prefix": "*",
                "source_address_prefixes": [],
                "source_application_security_group_ids": [],
                "source_port_range": "*",
                "source_port_ranges": []
              }
            ],
            "tags": {
              "environment": "development"
            },
            "timeouts": null
          },
          "sensitive_attributes": [],
          "private": "eyJlMmJmYjczMC1lY2FhLTExZTYtOGY4OC0zNDM2M2JjN2M0YzAiOnsiY3JlYXRlIjoxODAwMDAwMDAwMDAwLCJkZWxldGUiOjE4MDAwMDAwMDAwMDAsInJlYWQiOjMwMDAwMDAwMDAwMCwidXBkYXRlIjoxODAwMDAwMDAwMDAwfX0=",
          "dependencies": [
            "azurerm_resource_group.pathology"
          ]
        }
      ]
    },
    {
      "mode": "managed",
      "type": "azurerm_network_security_rule",
      "name": "pathlogySecurityRule1",
      "provider": "provider[\"registry.terraform.io/hashicorp/azurerm\"]",
      "instances": [
        {
          "schema_version": 0,
          "attributes": {
            "access": "Allow",
            "description": "",
            "destination_address_prefix": "*",
            "destination_address_prefixes": [],
            "destination_application_security_group_ids": [],
            "destination_port_range": "*",
            "destination_port_ranges": [],
            "direction": "Outbound",
            "id": "/subscriptions/a60e14d3-9415-4783-ae22-98d895dd008c/resourceGroups/pathology/providers/Microsoft.Network/networkSecurityGroups/pathlogy-nsg1/securityRules/pathology-secrule1",
            "name": "pathology-secrule1",
            "network_security_group_name": "pathlogy-nsg1",
            "priority": 100,
            "protocol": "*",
            "resource_group_name": "pathology",
            "source_address_prefix": "*",
            "source_address_prefixes": [],
            "source_application_security_group_ids": [],
            "source_port_range": "*",
            "source_port_ranges": [],
            "timeouts": null
          },
          "sensitive_attributes": [],
          "private": "eyJlMmJmYjczMC1lY2FhLTExZTYtOGY4OC0zNDM2M2JjN2M0YzAiOnsiY3JlYXRlIjoxODAwMDAwMDAwMDAwLCJkZWxldGUiOjE4MDAwMDAwMDAwMDAsInJlYWQiOjMwMDAwMDAwMDAwMCwidXBkYXRlIjoxODAwMDAwMDAwMDAwfX0=",
          "dependencies": [
            "azurerm_network_security_group.pathlogy-nsg1",
            "azurerm_resource_group.pathology"
          ]
        }
      ]
    },
    {
      "mode": "managed",
      "type": "azurerm_public_ip",
      "name": "pathlogy-ip",
      "provider": "provider[\"registry.terraform.io/hashicorp/azurerm\"]",
      "instances": [
        {
          "schema_version": 0,
          "attributes": {
            "allocation_method": "Dynamic",
            "domain_name_label": null,
            "edge_zone": "",
            "fqdn": null,
            "id": "/subscriptions/a60e14d3-9415-4783-ae22-98d895dd008c/resourceGroups/pathology/providers/Microsoft.Network/publicIPAddresses/pathlogy-ip",
            "idle_timeout_in_minutes": 4,
            "ip_address": "",
            "ip_tags": {},
            "ip_version": "IPv4",
            "location": "eastus",
            "name": "pathlogy-ip",
            "public_ip_prefix_id": null,
            "resource_group_name": "pathology",
            "reverse_fqdn": null,
            "sku": "Basic",
            "sku_tier": "Regional",
            "tags": {
              "environment": "Production"
            },
            "timeouts": null,
            "zones": []
          },
          "sensitive_attributes": [],
          "private": "eyJlMmJmYjczMC1lY2FhLTExZTYtOGY4OC0zNDM2M2JjN2M0YzAiOnsiY3JlYXRlIjoxODAwMDAwMDAwMDAwLCJkZWxldGUiOjE4MDAwMDAwMDAwMDAsInJlYWQiOjMwMDAwMDAwMDAwMCwidXBkYXRlIjoxODAwMDAwMDAwMDAwfX0=",
          "dependencies": [
            "azurerm_resource_group.pathology"
          ]
        }
      ]
    },
    {
      "mode": "managed",
      "type": "azurerm_resource_group",
      "name": "pathology",
      "provider": "provider[\"registry.terraform.io/hashicorp/azurerm\"]",
      "instances": [
        {
          "schema_version": 0,
          "attributes": {
            "id": "/subscriptions/a60e14d3-9415-4783-ae22-98d895dd008c/resourceGroups/pathology",
            "location": "eastus",
            "name": "pathology",
            "tags": {
              "environment": "dev"
            },
            "timeouts": null
          },
          "sensitive_attributes": [],
          "private": "eyJlMmJmYjczMC1lY2FhLTExZTYtOGY4OC0zNDM2M2JjN2M0YzAiOnsiY3JlYXRlIjo1NDAwMDAwMDAwMDAwLCJkZWxldGUiOjU0MDAwMDAwMDAwMDAsInJlYWQiOjMwMDAwMDAwMDAwMCwidXBkYXRlIjo1NDAwMDAwMDAwMDAwfX0="
        }
      ]
    },
    {
      "mode": "managed",
      "type": "azurerm_subnet",
      "name": "pathlogy-subnet1",
      "provider": "provider[\"registry.terraform.io/hashicorp/azurerm\"]",
      "instances": [
        {
          "schema_version": 0,
          "attributes": {
            "address_prefixes": [
              "10.0.1.0/24"
            ],
            "delegation": [],
            "enforce_private_link_endpoint_network_policies": false,
            "enforce_private_link_service_network_policies": false,
            "id": "/subscriptions/a60e14d3-9415-4783-ae22-98d895dd008c/resourceGroups/pathology/providers/Microsoft.Network/virtualNetworks/pathlogy-vn/subnets/pathlogy-subnet1",
            "name": "pathlogy-subnet1",
            "resource_group_name": "pathology",
            "service_endpoint_policy_ids": [],
            "service_endpoints": [],
            "timeouts": null,
            "virtual_network_name": "pathlogy-vn"
          },
          "sensitive_attributes": [],
          "private": "eyJlMmJmYjczMC1lY2FhLTExZTYtOGY4OC0zNDM2M2JjN2M0YzAiOnsiY3JlYXRlIjoxODAwMDAwMDAwMDAwLCJkZWxldGUiOjE4MDAwMDAwMDAwMDAsInJlYWQiOjMwMDAwMDAwMDAwMCwidXBkYXRlIjoxODAwMDAwMDAwMDAwfX0=",
          "dependencies": [
            "azurerm_resource_group.pathology",
            "azurerm_virtual_network.pathlogy-vn"
          ]
        }
      ]
    },
    {
      "mode": "managed",
      "type": "azurerm_subnet_network_security_group_association",
      "name": "association-1",
      "provider": "provider[\"registry.terraform.io/hashicorp/azurerm\"]",
      "instances": [
        {
          "schema_version": 0,
          "attributes": {
            "id": "/subscriptions/a60e14d3-9415-4783-ae22-98d895dd008c/resourceGroups/pathology/providers/Microsoft.Network/virtualNetworks/pathlogy-vn/subnets/pathlogy-subnet1",
            "network_security_group_id": "/subscriptions/a60e14d3-9415-4783-ae22-98d895dd008c/resourceGroups/pathology/providers/Microsoft.Network/networkSecurityGroups/pathlogy-nsg1",
            "subnet_id": "/subscriptions/a60e14d3-9415-4783-ae22-98d895dd008c/resourceGroups/pathology/providers/Microsoft.Network/virtualNetworks/pathlogy-vn/subnets/pathlogy-subnet1",
            "timeouts": null
          },
          "sensitive_attributes": [],
          "private": "eyJlMmJmYjczMC1lY2FhLTExZTYtOGY4OC0zNDM2M2JjN2M0YzAiOnsiY3JlYXRlIjoxODAwMDAwMDAwMDAwLCJkZWxldGUiOjE4MDAwMDAwMDAwMDAsInJlYWQiOjMwMDAwMDAwMDAwMCwidXBkYXRlIjoxODAwMDAwMDAwMDAwfX0=",
          "dependencies": [
            "azurerm_network_security_group.pathlogy-nsg1",
            "azurerm_resource_group.pathology",
            "azurerm_subnet.pathlogy-subnet1",
            "azurerm_virtual_network.pathlogy-vn"
          ]
        }
      ]
    },
    {
      "mode": "managed",
      "type": "azurerm_virtual_network",
      "name": "pathlogy-vn",
      "provider": "provider[\"registry.terraform.io/hashicorp/azurerm\"]",
      "instances": [
        {
          "schema_version": 0,
          "attributes": {
            "address_space": [
              "10.0.0.0/16"
            ],
            "bgp_community": "",
            "ddos_protection_plan": [],
            "dns_servers": [],
            "edge_zone": "",
            "flow_timeout_in_minutes": 0,
            "guid": "ecd2d926-8ded-4b2c-8609-2a1f6daab669",
            "id": "/subscriptions/a60e14d3-9415-4783-ae22-98d895dd008c/resourceGroups/pathology/providers/Microsoft.Network/virtualNetworks/pathlogy-vn",
            "location": "eastus",
            "name": "pathlogy-vn",
            "resource_group_name": "pathology",
            "subnet": [
              {
                "address_prefix": "10.0.1.0/24",
                "id": "/subscriptions/a60e14d3-9415-4783-ae22-98d895dd008c/resourceGroups/pathology/providers/Microsoft.Network/virtualNetworks/pathlogy-vn/subnets/pathlogy-subnet1",
                "name": "pathlogy-subnet1",
                "security_group": "/subscriptions/a60e14d3-9415-4783-ae22-98d895dd008c/resourceGroups/pathology/providers/Microsoft.Network/networkSecurityGroups/pathlogy-nsg1"
              }
            ],
            "tags": {
              "environment": "development"
            },
            "timeouts": null
          },
          "sensitive_attributes": [],
          "private": "eyJlMmJmYjczMC1lY2FhLTExZTYtOGY4OC0zNDM2M2JjN2M0YzAiOnsiY3JlYXRlIjoxODAwMDAwMDAwMDAwLCJkZWxldGUiOjE4MDAwMDAwMDAwMDAsInJlYWQiOjMwMDAwMDAwMDAwMCwidXBkYXRlIjoxODAwMDAwMDAwMDAwfX0=",
          "dependencies": [
            "azurerm_resource_group.pathology"
          ]
        }
      ]
    }
  ],
  "check_results": null
}
